
Microsoft Visual Studio Solution File, Format Version 11.00
# Visual Studio 2010
Project("{FAE04EC0-301F-11D3-BF4B-00C04F79EFBC}") = "Assembly-CSharp", "Assembly-CSharp.csproj", "{7b160fb0-7b65-ae4c-8e93-1f17f711b582}"
EndProject
Project("{FAE04EC0-301F-11D3-BF4B-00C04F79EFBC}") = "SimpleInput.Runtime", "SimpleInput.Runtime.csproj", "{5f00561f-a804-9f17-969d-bd1145bcc0ae}"
EndProject
Project("{FAE04EC0-301F-11D3-BF4B-00C04F79EFBC}") = "SimpleInput.Editor", "SimpleInput.Editor.csproj", "{09e422df-34a4-88d7-7c54-52ae5f70fd89}"
EndProject
Project("{FAE04EC0-301F-11D3-BF4B-00C04F79EFBC}") = "Assembly-CSharp-Editor", "Assembly-CSharp-Editor.csproj", "{4c79fcbb-798c-8f38-f590-a00ec2e11701}"
EndProject
Project("{FAE04EC0-301F-11D3-BF4B-00C04F79EFBC}") = "AimingRig", "AimingRig.csproj", "{431849f3-af81-fe3a-62df-e466415cce10}"
EndProject
Global
	GlobalSection(SolutionConfigurationPlatforms) = preSolution
		Debug|Any CPU = Debug|Any CPU
	EndGlobalSection
	GlobalSection(ProjectConfigurationPlatforms) = postSolution
		{7b160fb0-7b65-ae4c-8e93-1f17f711b582}.Debug|Any CPU.ActiveCfg = Debug|Any CPU
		{7b160fb0-7b65-ae4c-8e93-1f17f711b582}.Debug|Any CPU.Build.0 = Debug|Any CPU
		{5f00561f-a804-9f17-969d-bd1145bcc0ae}.Debug|Any CPU.ActiveCfg = Debug|Any CPU
		{5f00561f-a804-9f17-969d-bd1145bcc0ae}.Debug|Any CPU.Build.0 = Debug|Any CPU
		{09e422df-34a4-88d7-7c54-52ae5f70fd89}.Debug|Any CPU.ActiveCfg = Debug|Any CPU
		{09e422df-34a4-88d7-7c54-52ae5f70fd89}.Debug|Any CPU.Build.0 = Debug|Any CPU
		{4c79fcbb-798c-8f38-f590-a00ec2e11701}.Debug|Any CPU.ActiveCfg = Debug|Any CPU
		{4c79fcbb-798c-8f38-f590-a00ec2e11701}.Debug|Any CPU.Build.0 = Debug|Any CPU
		{431849f3-af81-fe3a-62df-e466415cce10}.Debug|Any CPU.ActiveCfg = Debug|Any CPU
		{431849f3-af81-fe3a-62df-e466415cce10}.Debug|Any CPU.Build.0 = Debug|Any CPU
	EndGlobalSection
	GlobalSection(SolutionProperties) = preSolution
		HideSolutionNode = FALSE
	EndGlobalSection
EndGlobal
